
Microsoft Visual Studio Solution File, Format Version 12.00
# Visual Studio Version 17
VisualStudioVersion = 17.8.34511.84
MinimumVisualStudioVersion = 10.0.40219.1
Project("{FAE04EC0-301F-11D3-BF4B-00C04F79EFBC}") = "League.BL", "League.BL\League.BL.csproj", "{ECAA9BEB-4F16-47D6-9A9F-BBE87B82689A}"
EndProject
Project("{FAE04EC0-301F-11D3-BF4B-00C04F79EFBC}") = "League.DL", "League.DL\League.DL.csproj", "{FE2CC197-FB74-407A-8753-653722F8AD99}"
EndProject
Global
	GlobalSection(SolutionConfigurationPlatforms) = preSolution
		Debug|Any CPU = Debug|Any CPU
		Release|Any CPU = Release|Any CPU
	EndGlobalSection
	GlobalSection(ProjectConfigurationPlatforms) = postSolution
		{ECAA9BEB-4F16-47D6-9A9F-BBE87B82689A}.Debug|Any CPU.ActiveCfg = Debug|Any CPU
		{ECAA9BEB-4F16-47D6-9A9F-BBE87B82689A}.Debug|Any CPU.Build.0 = Debug|Any CPU
		{ECAA9BEB-4F16-47D6-9A9F-BBE87B82689A}.Release|Any CPU.ActiveCfg = Release|Any CPU
		{ECAA9BEB-4F16-47D6-9A9F-BBE87B82689A}.Release|Any CPU.Build.0 = Release|Any CPU
		{FE2CC197-FB74-407A-8753-653722F8AD99}.Debug|Any CPU.ActiveCfg = Debug|Any CPU
		{FE2CC197-FB74-407A-8753-653722F8AD99}.Debug|Any CPU.Build.0 = Debug|Any CPU
		{FE2CC197-FB74-407A-8753-653722F8AD99}.Release|Any CPU.ActiveCfg = Release|Any CPU
		{FE2CC197-FB74-407A-8753-653722F8AD99}.Release|Any CPU.Build.0 = Release|Any CPU
	EndGlobalSection
	GlobalSection(SolutionProperties) = preSolution
		HideSolutionNode = FALSE
	EndGlobalSection
	GlobalSection(ExtensibilityGlobals) = postSolution
		SolutionGuid = {AC867468-F956-4E49-AA31-72CECF7FBBFF}
	EndGlobalSection
EndGlobal
